lockfileVersion: '6.0'

settings:
  autoInstallPeers: true
  excludeLinksFromLockfile: false

dependencies:
  '@material-tailwind/html':
    specifier: ^2.2.2
    version: 2.2.2

packages:

  /@material-tailwind/html@2.2.2:
    resolution: {integrity: sha512-sEu+3QKzJ9UVNWWpeKmDyBj3eek11KN1y6AZemSwxzVgkr7FZy+e6sY/8p6JeLS+b2cy7p1em3IV9Q/TUR3RdA==}
    dependencies:
      deepmerge: 4.3.1
      material-ripple-effects: 2.0.1
    dev: false

  /deepmerge@4.3.1:
    resolution: {integrity: sha512-3sUqbMEc77XqpdNO7FRyRog+eW3ph+GYCbj+rK+uYyRMuwsVy0rMiVtPn+QJlKFvWP/1PYpapqYn0Me2knFn+A==}
    engines: {node: '>=0.10.0'}
    dev: false

  /material-ripple-effects@2.0.1:
    resolution: {integrity: sha512-hHlUkZAuXbP94lu02VgrPidbZ3hBtgXBtjlwR8APNqOIgDZMV8MCIcsclL8FmGJQHvnORyvoQgC965vPsiyXLQ==}
    dev: false
